
Microsoft Visual Studio Solution File, Format Version 12.00
# Visual Studio Version 16
VisualStudioVersion = 16.0.31402.337
MinimumVisualStudioVersion = 10.0.40219.1
Project("{FAE04EC0-301F-11D3-BF4B-00C04F79EFBC}") = "ClassLibraryPassword", "ClassLibraryPassword.csproj", "{8D8B84D7-42E0-46E9-BDED-7A2E8E8CD875}"
EndProject
Project("{FAE04EC0-301F-11D3-BF4B-00C04F79EFBC}") = "ClassLibraryPasswordTests", "..\ClassLibraryPasswordTests\ClassLibraryPasswordTests.csproj", "{3A5AD3A2-BB01-4E1E-9BEA-96C941387F73}"
EndProject
Global
	GlobalSection(SolutionConfigurationPlatforms) = preSolution
		Debug|Any CPU = Debug|Any CPU
		Release|Any CPU = Release|Any CPU
	EndGlobalSection
	GlobalSection(ProjectConfigurationPlatforms) = postSolution
		{8D8B84D7-42E0-46E9-BDED-7A2E8E8CD875}.Debug|Any CPU.ActiveCfg = Debug|Any CPU
		{8D8B84D7-42E0-46E9-BDED-7A2E8E8CD875}.Debug|Any CPU.Build.0 = Debug|Any CPU
		{8D8B84D7-42E0-46E9-BDED-7A2E8E8CD875}.Release|Any CPU.ActiveCfg = Release|Any CPU
		{8D8B84D7-42E0-46E9-BDED-7A2E8E8CD875}.Release|Any CPU.Build.0 = Release|Any CPU
		{3A5AD3A2-BB01-4E1E-9BEA-96C941387F73}.Debug|Any CPU.ActiveCfg = Debug|Any CPU
		{3A5AD3A2-BB01-4E1E-9BEA-96C941387F73}.Debug|Any CPU.Build.0 = Debug|Any CPU
		{3A5AD3A2-BB01-4E1E-9BEA-96C941387F73}.Release|Any CPU.ActiveCfg = Release|Any CPU
		{3A5AD3A2-BB01-4E1E-9BEA-96C941387F73}.Release|Any CPU.Build.0 = Release|Any CPU
	EndGlobalSection
	GlobalSection(SolutionProperties) = preSolution
		HideSolutionNode = FALSE
	EndGlobalSection
	GlobalSection(ExtensibilityGlobals) = postSolution
		SolutionGuid = {81CE949E-8BA7-4E78-8782-FC96B4F512A3}
	EndGlobalSection
EndGlobal
